
Microsoft Visual Studio Solution File, Format Version 12.00
# Visual Studio Version 16
VisualStudioVersion = 16.0.31025.194
MinimumVisualStudioVersion = 10.0.40219.1
Project("{9A19103F-16F7-4668-BE54-9A1E7A4F7556}") = "GrunnBot", "GrunnBot.csproj", "{C34B2948-D105-488E-B9E4-F23FD21615A4}"
EndProject
Global
	GlobalSection(SolutionConfigurationPlatforms) = preSolution
		Debug|Any CPU = Debug|Any CPU
		Release|Any CPU = Release|Any CPU
	EndGlobalSection
	GlobalSection(ProjectConfigurationPlatforms) = postSolution
		{C34B2948-D105-488E-B9E4-F23FD21615A4}.Debug|Any CPU.ActiveCfg = Debug|Any CPU
		{C34B2948-D105-488E-B9E4-F23FD21615A4}.Debug|Any CPU.Build.0 = Debug|Any CPU
		{C34B2948-D105-488E-B9E4-F23FD21615A4}.Release|Any CPU.ActiveCfg = Release|Any CPU
		{C34B2948-D105-488E-B9E4-F23FD21615A4}.Release|Any CPU.Build.0 = Release|Any CPU
	EndGlobalSection
	GlobalSection(SolutionProperties) = preSolution
		HideSolutionNode = FALSE
	EndGlobalSection
	GlobalSection(ExtensibilityGlobals) = postSolution
		SolutionGuid = {A496F990-B1C3-4D83-883D-E2A358BC87C7}
	EndGlobalSection
EndGlobal
